
Microsoft Visual Studio Solution File, Format Version 12.00
# Visual Studio Version 17
VisualStudioVersion = 17.14.36301.6
MinimumVisualStudioVersion = 10.0.40219.1
Project("{2150E333-8FDC-42A3-9474-1A3956D46DE8}") = "src", "src", "{02EA681E-C7D8-13C7-8484-4AC65E1B71E8}"
EndProject
Project("{2150E333-8FDC-42A3-9474-1A3956D46DE8}") = "test", "test", "{60CBB8AC-EA11-4D87-92BF-846129C624ED}"
EndProject
Project("{FAE04EC0-301F-11D3-BF4B-00C04F79EFBC}") = "Domain", "Domain\Domain.csproj", "{4CBDD5CF-118C-47E7-A42C-DDF38EF8D725}"
EndProject
Project("{FAE04EC0-301F-11D3-BF4B-00C04F79EFBC}") = "Application", "Application\Application.csproj", "{F3E2C670-DE72-400A-9885-F36402DA96E3}"
EndProject
Project("{FAE04EC0-301F-11D3-BF4B-00C04F79EFBC}") = "Infrastructure", "Infrastructure\Infrastructure.csproj", "{A15371D6-7475-46D7-AAEA-82AD4E2B30DA}"
EndProject
Project("{FAE04EC0-301F-11D3-BF4B-00C04F79EFBC}") = "Utilities", "Utilities\Utilities.csproj", "{30702380-0F97-4542-9EBE-362BF7E7AFBE}"
EndProject
Project("{FAE04EC0-301F-11D3-BF4B-00C04F79EFBC}") = "Api", "Api\Api.csproj", "{9EFFD90C-C7EF-4E1D-AB7F-A80AFB4CD68F}"
EndProject
Project("{FAE04EC0-301F-11D3-BF4B-00C04F79EFBC}") = "TestApi", "TestApi\TestApi.csproj", "{845D262C-25F9-48A6-A3FF-E1C46B488B13}"
EndProject
Global
	GlobalSection(SolutionConfigurationPlatforms) = preSolution
		Debug|Any CPU = Debug|Any CPU
		Release|Any CPU = Release|Any CPU
	EndGlobalSection
	GlobalSection(ProjectConfigurationPlatforms) = postSolution
		{4CBDD5CF-118C-47E7-A42C-DDF38EF8D725}.Debug|Any CPU.ActiveCfg = Debug|Any CPU
		{4CBDD5CF-118C-47E7-A42C-DDF38EF8D725}.Debug|Any CPU.Build.0 = Debug|Any CPU
		{4CBDD5CF-118C-47E7-A42C-DDF38EF8D725}.Release|Any CPU.ActiveCfg = Release|Any CPU
		{4CBDD5CF-118C-47E7-A42C-DDF38EF8D725}.Release|Any CPU.Build.0 = Release|Any CPU
		{F3E2C670-DE72-400A-9885-F36402DA96E3}.Debug|Any CPU.ActiveCfg = Debug|Any CPU
		{F3E2C670-DE72-400A-9885-F36402DA96E3}.Debug|Any CPU.Build.0 = Debug|Any CPU
		{F3E2C670-DE72-400A-9885-F36402DA96E3}.Release|Any CPU.ActiveCfg = Release|Any CPU
		{F3E2C670-DE72-400A-9885-F36402DA96E3}.Release|Any CPU.Build.0 = Release|Any CPU
		{A15371D6-7475-46D7-AAEA-82AD4E2B30DA}.Debug|Any CPU.ActiveCfg = Debug|Any CPU
		{A15371D6-7475-46D7-AAEA-82AD4E2B30DA}.Debug|Any CPU.Build.0 = Debug|Any CPU
		{A15371D6-7475-46D7-AAEA-82AD4E2B30DA}.Release|Any CPU.ActiveCfg = Release|Any CPU
		{A15371D6-7475-46D7-AAEA-82AD4E2B30DA}.Release|Any CPU.Build.0 = Release|Any CPU
		{30702380-0F97-4542-9EBE-362BF7E7AFBE}.Debug|Any CPU.ActiveCfg = Debug|Any CPU
		{30702380-0F97-4542-9EBE-362BF7E7AFBE}.Debug|Any CPU.Build.0 = Debug|Any CPU
		{30702380-0F97-4542-9EBE-362BF7E7AFBE}.Release|Any CPU.ActiveCfg = Release|Any CPU
		{30702380-0F97-4542-9EBE-362BF7E7AFBE}.Release|Any CPU.Build.0 = Release|Any CPU
		{9EFFD90C-C7EF-4E1D-AB7F-A80AFB4CD68F}.Debug|Any CPU.ActiveCfg = Debug|Any CPU
		{9EFFD90C-C7EF-4E1D-AB7F-A80AFB4CD68F}.Debug|Any CPU.Build.0 = Debug|Any CPU
		{9EFFD90C-C7EF-4E1D-AB7F-A80AFB4CD68F}.Release|Any CPU.ActiveCfg = Release|Any CPU
		{9EFFD90C-C7EF-4E1D-AB7F-A80AFB4CD68F}.Release|Any CPU.Build.0 = Release|Any CPU
		{845D262C-25F9-48A6-A3FF-E1C46B488B13}.Debug|Any CPU.ActiveCfg = Debug|Any CPU
		{845D262C-25F9-48A6-A3FF-E1C46B488B13}.Debug|Any CPU.Build.0 = Debug|Any CPU
		{845D262C-25F9-48A6-A3FF-E1C46B488B13}.Release|Any CPU.ActiveCfg = Release|Any CPU
		{845D262C-25F9-48A6-A3FF-E1C46B488B13}.Release|Any CPU.Build.0 = Release|Any CPU
	EndGlobalSection
	GlobalSection(SolutionProperties) = preSolution
		HideSolutionNode = FALSE
	EndGlobalSection
	GlobalSection(NestedProjects) = preSolution
		{4CBDD5CF-118C-47E7-A42C-DDF38EF8D725} = {02EA681E-C7D8-13C7-8484-4AC65E1B71E8}
		{F3E2C670-DE72-400A-9885-F36402DA96E3} = {02EA681E-C7D8-13C7-8484-4AC65E1B71E8}
		{A15371D6-7475-46D7-AAEA-82AD4E2B30DA} = {02EA681E-C7D8-13C7-8484-4AC65E1B71E8}
		{30702380-0F97-4542-9EBE-362BF7E7AFBE} = {02EA681E-C7D8-13C7-8484-4AC65E1B71E8}
		{9EFFD90C-C7EF-4E1D-AB7F-A80AFB4CD68F} = {02EA681E-C7D8-13C7-8484-4AC65E1B71E8}
		{845D262C-25F9-48A6-A3FF-E1C46B488B13} = {60CBB8AC-EA11-4D87-92BF-846129C624ED}
	EndGlobalSection
	GlobalSection(ExtensibilityGlobals) = postSolution
		SolutionGuid = {682250C1-5C0F-4530-A025-B8783A0773B9}
	EndGlobalSection
EndGlobal
